
Microsoft Visual Studio Solution File, Format Version 12.00
# Visual Studio Version 17
VisualStudioVersion = 17.9.34616.47
MinimumVisualStudioVersion = 10.0.40219.1
Project("{FAE04EC0-301F-11D3-BF4B-00C04F79EFBC}") = "RequestX Injector", "RequestX\RequestX Injector.csproj", "{A03485C1-F807-44C5-B4AB-945F1F0BBAB7}"
EndProject
Global
	GlobalSection(SolutionConfigurationPlatforms) = preSolution
		Debug|Any CPU = Debug|Any CPU
		Release|Any CPU = Release|Any CPU
	EndGlobalSection
	GlobalSection(ProjectConfigurationPlatforms) = postSolution
		{A03485C1-F807-44C5-B4AB-945F1F0BBAB7}.Debug|Any CPU.ActiveCfg = Debug|Any CPU
		{A03485C1-F807-44C5-B4AB-945F1F0BBAB7}.Debug|Any CPU.Build.0 = Debug|Any CPU
		{A03485C1-F807-44C5-B4AB-945F1F0BBAB7}.Release|Any CPU.ActiveCfg = Release|Any CPU
		{A03485C1-F807-44C5-B4AB-945F1F0BBAB7}.Release|Any CPU.Build.0 = Release|Any CPU
	EndGlobalSection
	GlobalSection(SolutionProperties) = preSolution
		HideSolutionNode = FALSE
	EndGlobalSection
	GlobalSection(ExtensibilityGlobals) = postSolution
		SolutionGuid = {E29CEBE7-1A82-4C2F-83A6-A04D6F3D1690}
	EndGlobalSection
EndGlobal
